# THIS IS AN AUTOGENERATED FILE. DO NOT EDIT THIS FILE DIRECTLY.
# yarn lockfile v1


"cli-color@~2.0.0":
  "integrity" "sha512-g4JYjrTW9MGtCziFNjkqp3IMpGhnJyeB0lOtRPjQkYhXzKYr6tYnXKyEVnMzITxhpbahsEW9KsxOYIDKwcsIBw=="
  "resolved" "https://registry.npmjs.org/cli-color/-/cli-color-2.0.2.tgz"
  "version" "2.0.2"
  dependencies:
    "d" "^1.0.1"
    "es5-ext" "^0.10.59"
    "es6-iterator" "^2.0.3"
    "memoizee" "^0.4.15"
    "timers-ext" "^0.1.7"

"commander@~7.2.0":
  "integrity" "sha512-QrWXB+ZQSVPmIWIhtEO9H+gwHaMGYiF5ChvoJ+K9ZGHG/sVsa6yiesAD1GC/x46sET00Xlwo1u49RVVVzvcSkw=="
  "resolved" "https://registry.npmjs.org/commander/-/commander-7.2.0.tgz"
  "version" "7.2.0"

"d@^1.0.1", "d@1":
  "integrity" "sha512-m62ShEObQ39CfralilEQRjH6oAMtNCV1xJyEx5LpRYUVN+EviphDgUc/F3hnYbADmkiNs67Y+3ylmlG7Lnu+FA=="
  "resolved" "https://registry.npmjs.org/d/-/d-1.0.1.tgz"
  "version" "1.0.1"
  dependencies:
    "es5-ext" "^0.10.50"
    "type" "^1.0.1"

"debug@2.6.9":
  "integrity" "sha512-bC7ElrdJaJnPbAP+1EotYvqZsb3ecl5wi6Bfi6BJTUcNowp6cvspg0jXznRTKDjm/E7AdgFBVeAPVMNcKGsHMA=="
  "resolved" "https://registry.npmjs.org/debug/-/debug-2.6.9.tgz"
  "version" "2.6.9"
  dependencies:
    "ms" "2.0.0"

"define-lazy-prop@^2.0.0":
  "integrity" "sha512-Ds09qNh8yw3khSjiJjiUInaGX9xlqZDY7JVryGxdxV7NPeuqQfplOpQ66yJFZut3jLa5zOwkXw1g9EI2uKh4Og=="
  "resolved" "https://registry.npmjs.org/define-lazy-prop/-/define-lazy-prop-2.0.0.tgz"
  "version" "2.0.0"

"depd@~1.1.2":
  "integrity" "sha1-m81S4UwJd2PnSbJ0xDRu0uVgtak= sha512-7emPTl6Dpo6JRXOXjLRxck+FlLRX5847cLKEn00PLAgc3g2hTZZgr+e4c2v6QpSmLeFP3n5yUo7ft6avBK/5jQ=="
  "resolved" "https://registry.npmjs.org/depd/-/depd-1.1.2.tgz"
  "version" "1.1.2"

"destroy@~1.0.4":
  "integrity" "sha1-l4hXRCxEdJ5CBmE+N5RiBYJqvYA= sha512-3NdhDuEXnfun/z7x9GOElY49LoqVHoGScmOKwmxhsS8N5Y+Z8KyPPDnaSzqWgYt/ji4mqwfTS34Htrk0zPIXVg=="
  "resolved" "https://registry.npmjs.org/destroy/-/destroy-1.0.4.tgz"
  "version" "1.0.4"

"ee-first@1.1.1":
  "integrity" "sha1-WQxhFWsK4vTwJVcyoViyZrxWsh0= sha512-WMwm9LhRUo+WUaRN+vRuETqG89IgZphVSNkdFgeb6sS/E4OrDIN7t48CAewSHXc6C8lefD8KKfr5vY61brQlow=="
  "resolved" "https://registry.npmjs.org/ee-first/-/ee-first-1.1.1.tgz"
  "version" "1.1.1"

"encodeurl@~1.0.2":
  "integrity" "sha1-rT/0yG7C0CkyL1oCw6mmBslbP1k= sha512-TPJXq8JqFaVYm2CWmPvnP2Iyo4ZSM7/QKcSmuMLDObfpH5fi7RUGmd/rTDf+rut/saiDiQEeVTNgAmJEdAOx0w=="
  "resolved" "https://registry.npmjs.org/encodeurl/-/encodeurl-1.0.2.tgz"
  "version" "1.0.2"

"es5-ext@^0.10.35", "es5-ext@^0.10.46", "es5-ext@^0.10.50", "es5-ext@^0.10.53", "es5-ext@^0.10.59", "es5-ext@~0.10.14", "es5-ext@~0.10.2", "es5-ext@~0.10.46":
  "integrity" "sha512-yFhIqQAzu2Ca2I4SE2Au3rxVfmohU9Y7wqGR+s7+H7krk26NXhIRAZDgqd6xqjCEFUomDEA3/Bo/7fKmIkW1kA=="
  "resolved" "https://registry.npmjs.org/es5-ext/-/es5-ext-0.10.61.tgz"
  "version" "0.10.61"
  dependencies:
    "es6-iterator" "^2.0.3"
    "es6-symbol" "^3.1.3"
    "next-tick" "^1.1.0"

"es6-iterator@^2.0.3":
  "integrity" "sha1-p96IkUGgWpSwhUQDstCg+/qY87c= sha512-zw4SRzoUkd+cl+ZoE15A9o1oQd920Bb0iOJMQkQhl3jNc03YqVjAhG7scf9C5KWRU/R13Orf588uCC6525o02g=="
  "resolved" "https://registry.npmjs.org/es6-iterator/-/es6-iterator-2.0.3.tgz"
  "version" "2.0.3"
  dependencies:
    "d" "1"
    "es5-ext" "^0.10.35"
    "es6-symbol" "^3.1.1"

"es6-symbol@^3.1.1", "es6-symbol@^3.1.3":
  "integrity" "sha512-NJ6Yn3FuDinBaBRWl/q5X/s4koRHBrgKAu+yGI6JCBeiu3qrcbJhwT2GeR/EXVfylRk8dpQVJoLEFhK+Mu31NA=="
  "resolved" "https://registry.npmjs.org/es6-symbol/-/es6-symbol-3.1.3.tgz"
  "version" "3.1.3"
  dependencies:
    "d" "^1.0.1"
    "ext" "^1.1.2"

"es6-weak-map@^2.0.3":
  "integrity" "sha512-p5um32HOTO1kP+w7PRnB+5lQ43Z6muuMuIMffvDN8ZB4GcnjLBV6zGStpbASIMk4DCAvEaamhe2zhyCb/QXXsA=="
  "resolved" "https://registry.npmjs.org/es6-weak-map/-/es6-weak-map-2.0.3.tgz"
  "version" "2.0.3"
  dependencies:
    "d" "1"
    "es5-ext" "^0.10.46"
    "es6-iterator" "^2.0.3"
    "es6-symbol" "^3.1.1"

"escape-html@~1.0.3":
  "integrity" "sha1-Aljq5NPQwJdN4cFpGI7wBR0dGYg= sha512-NiSupZ4OeuGwr68lGIeym/ksIZMJodUGOSCZ/FSnTxcrekbvqrgdUxlJOMpijaKZVjAJrWrGs/6Jy8OMuyj9ow=="
  "resolved" "https://registry.npmjs.org/escape-html/-/escape-html-1.0.3.tgz"
  "version" "1.0.3"

"etag@~1.8.1":
  "integrity" "sha1-Qa4u62XvpiJorr/qg6x9eSmbCIc= sha512-aIL5Fx7mawVa300al2BnEE4iNvo1qETxLrPI/o05L7z6go7fCw1J6EQmbK4FmJ2AS7kgVF/KEZWufBfdClMcPg=="
  "resolved" "https://registry.npmjs.org/etag/-/etag-1.8.1.tgz"
  "version" "1.8.1"

"event-emitter@^0.3.5":
  "integrity" "sha1-34xp7vFkeSPHFXuc6DhAYQsCzDk= sha512-D9rRn9y7kLPnJ+hMq7S/nhvoKwwvVJahBi2BPmx3bvbsEdK3W9ii8cBSGjP+72/LnM4n6fo3+dkCX5FeTQruXA=="
  "resolved" "https://registry.npmjs.org/event-emitter/-/event-emitter-0.3.5.tgz"
  "version" "0.3.5"
  dependencies:
    "d" "1"
    "es5-ext" "~0.10.14"

"ext@^1.1.2":
  "integrity" "sha512-sdBImtzkq2HpkdRLtlLWDa6w4DX22ijZLKx8BMPUuKe1c5lbN6xwQDQCxSfxBQnHZ13ls/FH0MQZx/q/gr6FQg=="
  "resolved" "https://registry.npmjs.org/ext/-/ext-1.6.0.tgz"
  "version" "1.6.0"
  dependencies:
    "type" "^2.5.0"

"finalhandler@~1.1.1":
  "integrity" "sha512-aAWcW57uxVNrQZqFXjITpW3sIUQmHGG3qSb9mUah9MgMC4NeWhNOlNjXEYq3HjRAvL6arUviZGGJsBg6z0zsWA=="
  "resolved" "https://registry.npmjs.org/finalhandler/-/finalhandler-1.1.2.tgz"
  "version" "1.1.2"
  dependencies:
    "debug" "2.6.9"
    "encodeurl" "~1.0.2"
    "escape-html" "~1.0.3"
    "on-finished" "~2.3.0"
    "parseurl" "~1.3.3"
    "statuses" "~1.5.0"
    "unpipe" "~1.0.0"

"fresh@0.5.2":
  "integrity" "sha1-PYyt2Q2XZWn6g1qx+OSyOhBWBac= sha512-zJ2mQYM18rEFOudeV4GShTGIQ7RbzA7ozbU9I/XBpm7kqgMywgmylMwXHxZJmkVoYkna9d2pVXVXPdYTP9ej8Q=="
  "resolved" "https://registry.npmjs.org/fresh/-/fresh-0.5.2.tgz"
  "version" "0.5.2"

"http-errors@1.8.1":
  "integrity" "sha512-Kpk9Sm7NmI+RHhnj6OIWDI1d6fIoFAtFt9RLaTMRlg/8w49juAStsrBgp0Dp4OdxdVbRIeKhtCUvoi/RuAhO4g=="
  "resolved" "https://registry.npmjs.org/http-errors/-/http-errors-1.8.1.tgz"
  "version" "1.8.1"
  dependencies:
    "depd" "~1.1.2"
    "inherits" "2.0.4"
    "setprototypeof" "1.2.0"
    "statuses" ">= 1.5.0 < 2"
    "toidentifier" "1.0.1"

"inherits@2.0.4":
  "integrity" "sha512-k/vGaX4/Yla3WzyMCvTQOXYeIHvqOKtnqBduzTHpzpQZzAskKMhZ2K+EnBiSM9zGSoIFeMpXKxa4dYeZIQqewQ=="
  "resolved" "https://registry.npmjs.org/inherits/-/inherits-2.0.4.tgz"
  "version" "2.0.4"

"is-docker@^2.0.0", "is-docker@^2.1.1":
  "integrity" "sha512-F+i2BKsFrH66iaUFc0woD8sLy8getkwTwtOBjvs56Cx4CgJDeKQeqfz8wAYiSb8JOprWhHH5p77PbmYCvvUuXQ=="
  "resolved" "https://unpm.uberinternal.com/is-docker/-/is-docker-2.2.1.tgz"
  "version" "2.2.1"

"is-promise@^2.2.2":
  "integrity" "sha512-+lP4/6lKUBfQjZ2pdxThZvLUAafmZb8OAxFb8XXtiQmS35INgr85hdOGoEs124ez1FCnZJt6jau/T+alh58QFQ=="
  "resolved" "https://registry.npmjs.org/is-promise/-/is-promise-2.2.2.tgz"
  "version" "2.2.2"

"is-wsl@^2.2.0":
  "integrity" "sha512-fKzAra0rGJUUBwGBgNkHZuToZcn+TtXHpeCgmkMJMMYx1sQDYaCSyjJBSCa2nH1DGm7s3n1oBnohoVTBaN7Lww=="
  "resolved" "https://unpm.uberinternal.com/is-wsl/-/is-wsl-2.2.0.tgz"
  "version" "2.2.0"
  dependencies:
    "is-docker" "^2.0.0"

"lru-queue@^0.1.0":
  "integrity" "sha1-Jzi9nw089PhEkMVzbEhpmsYyzaM= sha512-BpdYkt9EvGl8OfWHDQPISVpcl5xZthb+XPsbELj5AQXxIC8IriDZIQYjBJPEm5rS420sjZ0TLEzRcq5KdBhYrQ=="
  "resolved" "https://registry.npmjs.org/lru-queue/-/lru-queue-0.1.0.tgz"
  "version" "0.1.0"
  dependencies:
    "es5-ext" "~0.10.2"

"memoizee@^0.4.15":
  "integrity" "sha512-UBWmJpLZd5STPm7PMUlOw/TSy972M+z8gcyQ5veOnSDRREz/0bmpyTfKt3/51DhEBqCZQn1udM/5flcSPYhkdQ=="
  "resolved" "https://registry.npmjs.org/memoizee/-/memoizee-0.4.15.tgz"
  "version" "0.4.15"
  dependencies:
    "d" "^1.0.1"
    "es5-ext" "^0.10.53"
    "es6-weak-map" "^2.0.3"
    "event-emitter" "^0.3.5"
    "is-promise" "^2.2.2"
    "lru-queue" "^0.1.0"
    "next-tick" "^1.1.0"
    "timers-ext" "^0.1.7"

"mime@1.6.0":
  "integrity" "sha512-x0Vn8spI+wuJ1O6S7gnbaQg8Pxh4NNHb7KSINmEWKiPE4RKOplvijn+NkmYmmRgP68mc70j2EbeTFRsrswaQeg=="
  "resolved" "https://registry.npmjs.org/mime/-/mime-1.6.0.tgz"
  "version" "1.6.0"

"minimist@~1.2.0":
  "integrity" "sha512-Jsjnk4bw3YJqYzbdyBiNsPWHPfO++UGG749Cxs6peCu5Xg4nrena6OVxOYxrQTqww0Jmwt+Ref8rggumkTLz9Q=="
  "resolved" "https://registry.npmjs.org/minimist/-/minimist-1.2.6.tgz"
  "version" "1.2.6"

"ms@2.0.0":
  "integrity" "sha512-Tpp60P6IUJDTuOq/5Z8cdskzJujfwqfOTkrwIwj7IRISpnkJnT6SyJ4PCPnGMoFjC9ddhal5KVIYtAt97ix05A=="
  "resolved" "https://registry.npmjs.org/ms/-/ms-2.0.0.tgz"
  "version" "2.0.0"

"ms@2.1.3":
  "integrity" "sha512-6FlzubTLZG3J2a/NVCAleEhjzq5oxgHyaCU9yYXvcLsvoVaHJq/s5xXI6/XXP6tz7R9xAOtHnSO/tXtF3WRTlA=="
  "resolved" "https://registry.npmjs.org/ms/-/ms-2.1.3.tgz"
  "version" "2.1.3"

"next-tick@^1.1.0", "next-tick@1":
  "integrity" "sha512-CXdUiJembsNjuToQvxayPZF9Vqht7hewsvy2sOWafLvi2awflj9mOC6bHIg50orX8IJvWKY9wYQ/zB2kogPslQ=="
  "resolved" "https://registry.npmjs.org/next-tick/-/next-tick-1.1.0.tgz"
  "version" "1.1.0"

"on-finished@~2.3.0":
  "integrity" "sha1-IPEzZIGwg811M3mSoWlxqi2QaUc= sha512-ikqdkGAAyf/X/gPhXGvfgAytDZtDbr+bkNUJ0N9h5MI/dmdgCs3l6hoHrcUv41sRKew3jIwrp4qQDXiK99Utww=="
  "resolved" "https://registry.npmjs.org/on-finished/-/on-finished-2.3.0.tgz"
  "version" "2.3.0"
  dependencies:
    "ee-first" "1.1.1"

"open@^8.0.0":
  "integrity" "sha512-XgFPPM+B28FtCCgSb9I+s9szOC1vZRSwgWsRUA5ylIxRTgKozqjOCrVOqGsYABPYK5qnfqClxZTFBa8PKt2v6Q=="
  "resolved" "https://registry.npmjs.org/open/-/open-8.4.0.tgz"
  "version" "8.4.0"
  dependencies:
    "define-lazy-prop" "^2.0.0"
    "is-docker" "^2.1.1"
    "is-wsl" "^2.2.0"

"parseurl@~1.3.3":
  "integrity" "sha512-CiyeOxFT/JZyN5m0z9PfXw4SCBJ6Sygz1Dpl0wqjlhDEGGBP1GnsUVEL0p63hoG1fcj3fHynXi9NYO4nWOL+qQ=="
  "resolved" "https://registry.npmjs.org/parseurl/-/parseurl-1.3.3.tgz"
  "version" "1.3.3"

"prettier@^2.6.2":
  "integrity" "sha512-PkUpF+qoXTqhOeWL9fu7As8LXsIUZ1WYaJiY/a7McAQzxjk82OF0tibkFXVCDImZtWxbvojFjerkiLb0/q8mew=="
  "resolved" "https://registry.npmjs.org/prettier/-/prettier-2.6.2.tgz"
  "version" "2.6.2"

"querystringify@^2.1.1":
  "integrity" "sha512-FIqgj2EUvTa7R50u0rGsyTftzjYmv/a3hO345bZNrqabNqjtgiDMgmo4mkUjd+nzU5oF3dClKqFIPUKybUyqoQ=="
  "resolved" "https://registry.npmjs.org/querystringify/-/querystringify-2.2.0.tgz"
  "version" "2.2.0"

"range-parser@~1.2.1":
  "integrity" "sha512-Hrgsx+orqoygnmhFbKaHE6c296J+HTAQXoxEF6gNupROmmGJRoyzfG3ccAveqCBrwr/2yxQ5BVd/GTl5agOwSg=="
  "resolved" "https://registry.npmjs.org/range-parser/-/range-parser-1.2.1.tgz"
  "version" "1.2.1"

"reload@^3.2.0":
  "integrity" "sha512-30iJoDvFHGbfq6tT3Vag/4RV3wkpuCOqPSM3GyeuOSSo48wKfZT/iI19oeO0GCVX0XSr+44XJ6yBiRJWqOq+sw=="
  "resolved" "https://registry.npmjs.org/reload/-/reload-3.2.0.tgz"
  "version" "3.2.0"
  dependencies:
    "cli-color" "~2.0.0"
    "commander" "~7.2.0"
    "finalhandler" "~1.1.1"
    "minimist" "~1.2.0"
    "open" "^8.0.0"
    "serve-static" "~1.14.0"
    "supervisor" "~0.12.0"
    "url-parse" "~1.5.0"
    "ws" "~7.4.0"

"requires-port@^1.0.0":
  "integrity" "sha1-kl0mAdOaxIXgkc8NpcbmlNw9yv8= sha512-KigOCHcocU3XODJxsu8i/j8T9tzT4adHiecwORRQ0ZZFcp7ahwXuRU1m+yuO90C5ZUyGeGfocHDI14M3L3yDAQ=="
  "resolved" "https://registry.npmjs.org/requires-port/-/requires-port-1.0.0.tgz"
  "version" "1.0.0"

"send@0.17.2":
  "integrity" "sha512-UJYB6wFSJE3G00nEivR5rgWp8c2xXvJ3OPWPhmuteU0IKj8nKbG3DrjiOmLwpnHGYWAVwA69zmTm++YG0Hmwww=="
  "resolved" "https://registry.npmjs.org/send/-/send-0.17.2.tgz"
  "version" "0.17.2"
  dependencies:
    "debug" "2.6.9"
    "depd" "~1.1.2"
    "destroy" "~1.0.4"
    "encodeurl" "~1.0.2"
    "escape-html" "~1.0.3"
    "etag" "~1.8.1"
    "fresh" "0.5.2"
    "http-errors" "1.8.1"
    "mime" "1.6.0"
    "ms" "2.1.3"
    "on-finished" "~2.3.0"
    "range-parser" "~1.2.1"
    "statuses" "~1.5.0"

"serve-static@~1.14.0":
  "integrity" "sha512-+TMNA9AFxUEGuC0z2mevogSnn9MXKb4fa7ngeRMJaaGv8vTwnIEkKi+QGvPt33HSnf8pRS+WGM0EbMtCJLKMBQ=="
  "resolved" "https://registry.npmjs.org/serve-static/-/serve-static-1.14.2.tgz"
  "version" "1.14.2"
  dependencies:
    "encodeurl" "~1.0.2"
    "escape-html" "~1.0.3"
    "parseurl" "~1.3.3"
    "send" "0.17.2"

"setprototypeof@1.2.0":
  "integrity" "sha512-E5LDX7Wrp85Kil5bhZv46j8jOeboKq5JMmYM3gVGdGH8xFpPWXUMsNrlODCrkoxMEeNi/XZIwuRvY4XNwYMJpw=="
  "resolved" "https://registry.npmjs.org/setprototypeof/-/setprototypeof-1.2.0.tgz"
  "version" "1.2.0"

"statuses@>= 1.5.0 < 2", "statuses@~1.5.0":
  "integrity" "sha1-Fhx9rBd2Wf2YEfQ3cfqZOBR4Yow= sha512-OpZ3zP+jT1PI7I8nemJX4AKmAX070ZkYPVWV/AaKTJl+tXCTGyVdC1a4SL8RUQYEwk/f34ZX8UTykN68FwrqAA=="
  "resolved" "https://registry.npmjs.org/statuses/-/statuses-1.5.0.tgz"
  "version" "1.5.0"

"supervisor@~0.12.0":
  "integrity" "sha1-3n5jNwFbKRhRwQ81OMSn8EkX7ME= sha512-iBYeU5Or4WiiIa3+ns1DpHIiHjNNXSuYUiixKcznewwo4ImBJ8EobktaAo2csOcauhrz4SvKRTou8Z2C3W28+A=="
  "resolved" "https://registry.npmjs.org/supervisor/-/supervisor-0.12.0.tgz"
  "version" "0.12.0"

"timers-ext@^0.1.7":
  "integrity" "sha512-b85NUNzTSdodShTIbky6ZF02e8STtVVfD+fu4aXXShEELpozH+bCpJLYMPZbsABN2wDH7fJpqIoXxJpzbf0NqQ=="
  "resolved" "https://registry.npmjs.org/timers-ext/-/timers-ext-0.1.7.tgz"
  "version" "0.1.7"
  dependencies:
    "es5-ext" "~0.10.46"
    "next-tick" "1"

"toidentifier@1.0.1":
  "integrity" "sha512-o5sSPKEkg/DIQNmH43V0/uerLrpzVedkUh8tGNvaeXpfpuwjKenlSox/2O/BTlZUtEe+JG7s5YhEz608PlAHRA=="
  "resolved" "https://registry.npmjs.org/toidentifier/-/toidentifier-1.0.1.tgz"
  "version" "1.0.1"

"type@^1.0.1":
  "integrity" "sha512-+5nt5AAniqsCnu2cEQQdpzCAh33kVx8n0VoFidKpB1dVVLAN/F+bgVOqOJqOnEnrhp222clB5p3vUlD+1QAnfg=="
  "resolved" "https://registry.npmjs.org/type/-/type-1.2.0.tgz"
  "version" "1.2.0"

"type@^2.5.0":
  "integrity" "sha512-eiDBDOmkih5pMbo9OqsqPRGMljLodLcwd5XD5JbtNB0o89xZAwynY9EdCDsJU7LtcVCClu9DvM7/0Ep1hYX3EQ=="
  "resolved" "https://registry.npmjs.org/type/-/type-2.6.0.tgz"
  "version" "2.6.0"

"unpipe@~1.0.0":
  "integrity" "sha1-sr9O6FFKrmFltIF4KdIbLvSZBOw= sha512-pjy2bYhSsufwWlKwPc+l3cN7+wuJlK6uz0YdJEOlQDbl6jo/YlPi4mb8agUkVC8BF7V8NuzeyPNqRksA3hztKQ=="
  "resolved" "https://registry.npmjs.org/unpipe/-/unpipe-1.0.0.tgz"
  "version" "1.0.0"

"url-parse@~1.5.0":
  "integrity" "sha512-WypcfiRhfeUP9vvF0j6rw0J3hrWrw6iZv3+22h6iRMJ/8z1Tj6XfLP4DsUix5MhMPnXpiHDoKyoZ/bdCkwBCiQ=="
  "resolved" "https://registry.npmjs.org/url-parse/-/url-parse-1.5.10.tgz"
  "version" "1.5.10"
  dependencies:
    "querystringify" "^2.1.1"
    "requires-port" "^1.0.0"

"ws@~7.4.0":
  "integrity" "sha512-YmhHDO4MzaDLB+M9ym/mDA5z0naX8j7SIlT8f8z+I0VtzsRbekxEutHSme7NPS2qE8StCYQNUnfWdXta/Yu85A=="
  "resolved" "https://registry.npmjs.org/ws/-/ws-7.4.6.tgz"
  "version" "7.4.6"
